
Microsoft Visual Studio Solution File, Format Version 12.00
# Visual Studio Version 17
VisualStudioVersion = 17.1.32319.34
MinimumVisualStudioVersion = 10.0.40219.1
Project("{FAE04EC0-301F-11D3-BF4B-00C04F79EFBC}") = "lesson 10", "lesson 10\lesson 10.csproj", "{118A133F-0DB1-41A2-A15E-A788E3537DF8}"
EndProject
Project("{FAE04EC0-301F-11D3-BF4B-00C04F79EFBC}") = "lesson 10.DataAccess", "lesson 10.DataAccess\lesson 10.DataAccess.csproj", "{CC80DD2E-6466-4C25-B97E-2F87EC1B174D}"
EndProject
Project("{9A19103F-16F7-4668-BE54-9A1E7A4F7556}") = "lesson 10.Business", "lesson 10.Business\lesson 10.Business.csproj", "{44217CBB-7F84-46E2-9AD0-CF21AA988DD1}"
EndProject
Global
	GlobalSection(SolutionConfigurationPlatforms) = preSolution
		Debug|Any CPU = Debug|Any CPU
		Release|Any CPU = Release|Any CPU
	EndGlobalSection
	GlobalSection(ProjectConfigurationPlatforms) = postSolution
		{118A133F-0DB1-41A2-A15E-A788E3537DF8}.Debug|Any CPU.ActiveCfg = Debug|Any CPU
		{118A133F-0DB1-41A2-A15E-A788E3537DF8}.Debug|Any CPU.Build.0 = Debug|Any CPU
		{118A133F-0DB1-41A2-A15E-A788E3537DF8}.Release|Any CPU.ActiveCfg = Release|Any CPU
		{118A133F-0DB1-41A2-A15E-A788E3537DF8}.Release|Any CPU.Build.0 = Release|Any CPU
		{CC80DD2E-6466-4C25-B97E-2F87EC1B174D}.Debug|Any CPU.ActiveCfg = Debug|Any CPU
		{CC80DD2E-6466-4C25-B97E-2F87EC1B174D}.Debug|Any CPU.Build.0 = Debug|Any CPU
		{CC80DD2E-6466-4C25-B97E-2F87EC1B174D}.Release|Any CPU.ActiveCfg = Release|Any CPU
		{CC80DD2E-6466-4C25-B97E-2F87EC1B174D}.Release|Any CPU.Build.0 = Release|Any CPU
		{44217CBB-7F84-46E2-9AD0-CF21AA988DD1}.Debug|Any CPU.ActiveCfg = Debug|Any CPU
		{44217CBB-7F84-46E2-9AD0-CF21AA988DD1}.Debug|Any CPU.Build.0 = Debug|Any CPU
		{44217CBB-7F84-46E2-9AD0-CF21AA988DD1}.Release|Any CPU.ActiveCfg = Release|Any CPU
		{44217CBB-7F84-46E2-9AD0-CF21AA988DD1}.Release|Any CPU.Build.0 = Release|Any CPU
	EndGlobalSection
	GlobalSection(SolutionProperties) = preSolution
		HideSolutionNode = FALSE
	EndGlobalSection
	GlobalSection(ExtensibilityGlobals) = postSolution
		SolutionGuid = {5ADEAB6E-B7CD-4EF7-9A39-60487270DC18}
	EndGlobalSection
EndGlobal
